
Microsoft Visual Studio Solution File, Format Version 12.00
# Visual Studio Version 16
VisualStudioVersion = 16.0.29306.81
MinimumVisualStudioVersion = 10.0.40219.1
Project("{8BC9CEB8-8B4A-11D0-8D11-00A0C91BC942}") = "guess", "guess\guess.vcxproj", "{BEBE40CE-7350-4796-9DC6-B470FB20EF0A}"
EndProject
Project("{8BC9CEB8-8B4A-11D0-8D11-00A0C91BC942}") = "text", "text\text.vcxproj", "{9D24E7A6-3F62-4B1C-8856-A6627C432FA8}"
EndProject
Project("{8BC9CEB8-8B4A-11D0-8D11-00A0C91BC942}") = "lotto", "lotto\lotto.vcxproj", "{EE0078C0-E442-44B1-A32F-0F502212630D}"
EndProject
Project("{8BC9CEB8-8B4A-11D0-8D11-00A0C91BC942}") = "numbers", "numbers\numbers.vcxproj", "{87B1AD4B-FC97-49F8-928A-213A4D6181FA}"
EndProject
Project("{8BC9CEB8-8B4A-11D0-8D11-00A0C91BC942}") = "futar", "futar\futar.vcxproj", "{5B21D144-BA07-447A-BC05-EFE320A82EC3}"
EndProject
Project("{8BC9CEB8-8B4A-11D0-8D11-00A0C91BC942}") = "tarsalgo", "tarsalgo\tarsalgo.vcxproj", "{04CD7D4F-DA31-4ABA-B091-F9023D7605CC}"
EndProject
Project("{8BC9CEB8-8B4A-11D0-8D11-00A0C91BC942}") = "cegesauto", "cegesauto\cegesauto.vcxproj", "{6FA98FB8-ED2D-4C93-9AD1-62979D534F90}"
EndProject
Global
	GlobalSection(SolutionConfigurationPlatforms) = preSolution
		Debug|x64 = Debug|x64
		Debug|x86 = Debug|x86
		Release|x64 = Release|x64
		Release|x86 = Release|x86
		ReleaseLLVM|x64 = ReleaseLLVM|x64
		ReleaseLLVM|x86 = ReleaseLLVM|x86
	EndGlobalSection
	GlobalSection(ProjectConfigurationPlatforms) = postSolution
		{BEBE40CE-7350-4796-9DC6-B470FB20EF0A}.Debug|x64.ActiveCfg = Debug|x64
		{BEBE40CE-7350-4796-9DC6-B470FB20EF0A}.Debug|x64.Build.0 = Debug|x64
		{BEBE40CE-7350-4796-9DC6-B470FB20EF0A}.Debug|x86.ActiveCfg = Debug|Win32
		{BEBE40CE-7350-4796-9DC6-B470FB20EF0A}.Debug|x86.Build.0 = Debug|Win32
		{BEBE40CE-7350-4796-9DC6-B470FB20EF0A}.Release|x64.ActiveCfg = Release|x64
		{BEBE40CE-7350-4796-9DC6-B470FB20EF0A}.Release|x64.Build.0 = Release|x64
		{BEBE40CE-7350-4796-9DC6-B470FB20EF0A}.Release|x86.ActiveCfg = Release|Win32
		{BEBE40CE-7350-4796-9DC6-B470FB20EF0A}.Release|x86.Build.0 = Release|Win32
		{BEBE40CE-7350-4796-9DC6-B470FB20EF0A}.ReleaseLLVM|x64.ActiveCfg = ReleaseLLVM|x64
		{BEBE40CE-7350-4796-9DC6-B470FB20EF0A}.ReleaseLLVM|x64.Build.0 = ReleaseLLVM|x64
		{BEBE40CE-7350-4796-9DC6-B470FB20EF0A}.ReleaseLLVM|x86.ActiveCfg = ReleaseLLVM|Win32
		{BEBE40CE-7350-4796-9DC6-B470FB20EF0A}.ReleaseLLVM|x86.Build.0 = ReleaseLLVM|Win32
		{9D24E7A6-3F62-4B1C-8856-A6627C432FA8}.Debug|x64.ActiveCfg = Debug|x64
		{9D24E7A6-3F62-4B1C-8856-A6627C432FA8}.Debug|x64.Build.0 = Debug|x64
		{9D24E7A6-3F62-4B1C-8856-A6627C432FA8}.Debug|x86.ActiveCfg = Debug|Win32
		{9D24E7A6-3F62-4B1C-8856-A6627C432FA8}.Debug|x86.Build.0 = Debug|Win32
		{9D24E7A6-3F62-4B1C-8856-A6627C432FA8}.Release|x64.ActiveCfg = Release|x64
		{9D24E7A6-3F62-4B1C-8856-A6627C432FA8}.Release|x64.Build.0 = Release|x64
		{9D24E7A6-3F62-4B1C-8856-A6627C432FA8}.Release|x86.ActiveCfg = Release|Win32
		{9D24E7A6-3F62-4B1C-8856-A6627C432FA8}.Release|x86.Build.0 = Release|Win32
		{9D24E7A6-3F62-4B1C-8856-A6627C432FA8}.ReleaseLLVM|x64.ActiveCfg = Release|x64
		{9D24E7A6-3F62-4B1C-8856-A6627C432FA8}.ReleaseLLVM|x64.Build.0 = Release|x64
		{9D24E7A6-3F62-4B1C-8856-A6627C432FA8}.ReleaseLLVM|x86.ActiveCfg = Release|Win32
		{9D24E7A6-3F62-4B1C-8856-A6627C432FA8}.ReleaseLLVM|x86.Build.0 = Release|Win32
		{EE0078C0-E442-44B1-A32F-0F502212630D}.Debug|x64.ActiveCfg = Debug|x64
		{EE0078C0-E442-44B1-A32F-0F502212630D}.Debug|x64.Build.0 = Debug|x64
		{EE0078C0-E442-44B1-A32F-0F502212630D}.Debug|x86.ActiveCfg = Debug|Win32
		{EE0078C0-E442-44B1-A32F-0F502212630D}.Debug|x86.Build.0 = Debug|Win32
		{EE0078C0-E442-44B1-A32F-0F502212630D}.Release|x64.ActiveCfg = Release|x64
		{EE0078C0-E442-44B1-A32F-0F502212630D}.Release|x64.Build.0 = Release|x64
		{EE0078C0-E442-44B1-A32F-0F502212630D}.Release|x86.ActiveCfg = Release|Win32
		{EE0078C0-E442-44B1-A32F-0F502212630D}.Release|x86.Build.0 = Release|Win32
		{EE0078C0-E442-44B1-A32F-0F502212630D}.ReleaseLLVM|x64.ActiveCfg = Release|x64
		{EE0078C0-E442-44B1-A32F-0F502212630D}.ReleaseLLVM|x64.Build.0 = Release|x64
		{EE0078C0-E442-44B1-A32F-0F502212630D}.ReleaseLLVM|x86.ActiveCfg = Release|Win32
		{EE0078C0-E442-44B1-A32F-0F502212630D}.ReleaseLLVM|x86.Build.0 = Release|Win32
		{87B1AD4B-FC97-49F8-928A-213A4D6181FA}.Debug|x64.ActiveCfg = Debug|x64
		{87B1AD4B-FC97-49F8-928A-213A4D6181FA}.Debug|x64.Build.0 = Debug|x64
		{87B1AD4B-FC97-49F8-928A-213A4D6181FA}.Debug|x86.ActiveCfg = Debug|Win32
		{87B1AD4B-FC97-49F8-928A-213A4D6181FA}.Debug|x86.Build.0 = Debug|Win32
		{87B1AD4B-FC97-49F8-928A-213A4D6181FA}.Release|x64.ActiveCfg = Release|x64
		{87B1AD4B-FC97-49F8-928A-213A4D6181FA}.Release|x64.Build.0 = Release|x64
		{87B1AD4B-FC97-49F8-928A-213A4D6181FA}.Release|x86.ActiveCfg = Release|Win32
		{87B1AD4B-FC97-49F8-928A-213A4D6181FA}.Release|x86.Build.0 = Release|Win32
		{87B1AD4B-FC97-49F8-928A-213A4D6181FA}.ReleaseLLVM|x64.ActiveCfg = Release|x64
		{87B1AD4B-FC97-49F8-928A-213A4D6181FA}.ReleaseLLVM|x64.Build.0 = Release|x64
		{87B1AD4B-FC97-49F8-928A-213A4D6181FA}.ReleaseLLVM|x86.ActiveCfg = Release|Win32
		{87B1AD4B-FC97-49F8-928A-213A4D6181FA}.ReleaseLLVM|x86.Build.0 = Release|Win32
		{5B21D144-BA07-447A-BC05-EFE320A82EC3}.Debug|x64.ActiveCfg = Debug|x64
		{5B21D144-BA07-447A-BC05-EFE320A82EC3}.Debug|x64.Build.0 = Debug|x64
		{5B21D144-BA07-447A-BC05-EFE320A82EC3}.Debug|x86.ActiveCfg = Debug|Win32
		{5B21D144-BA07-447A-BC05-EFE320A82EC3}.Debug|x86.Build.0 = Debug|Win32
		{5B21D144-BA07-447A-BC05-EFE320A82EC3}.Release|x64.ActiveCfg = Release|x64
		{5B21D144-BA07-447A-BC05-EFE320A82EC3}.Release|x64.Build.0 = Release|x64
		{5B21D144-BA07-447A-BC05-EFE320A82EC3}.Release|x86.ActiveCfg = Release|Win32
		{5B21D144-BA07-447A-BC05-EFE320A82EC3}.Release|x86.Build.0 = Release|Win32
		{5B21D144-BA07-447A-BC05-EFE320A82EC3}.ReleaseLLVM|x64.ActiveCfg = Release|x64
		{5B21D144-BA07-447A-BC05-EFE320A82EC3}.ReleaseLLVM|x64.Build.0 = Release|x64
		{5B21D144-BA07-447A-BC05-EFE320A82EC3}.ReleaseLLVM|x86.ActiveCfg = Release|Win32
		{5B21D144-BA07-447A-BC05-EFE320A82EC3}.ReleaseLLVM|x86.Build.0 = Release|Win32
		{04CD7D4F-DA31-4ABA-B091-F9023D7605CC}.Debug|x64.ActiveCfg = Debug|x64
		{04CD7D4F-DA31-4ABA-B091-F9023D7605CC}.Debug|x64.Build.0 = Debug|x64
		{04CD7D4F-DA31-4ABA-B091-F9023D7605CC}.Debug|x86.ActiveCfg = Debug|Win32
		{04CD7D4F-DA31-4ABA-B091-F9023D7605CC}.Debug|x86.Build.0 = Debug|Win32
		{04CD7D4F-DA31-4ABA-B091-F9023D7605CC}.Release|x64.ActiveCfg = Release|x64
		{04CD7D4F-DA31-4ABA-B091-F9023D7605CC}.Release|x64.Build.0 = Release|x64
		{04CD7D4F-DA31-4ABA-B091-F9023D7605CC}.Release|x86.ActiveCfg = Release|Win32
		{04CD7D4F-DA31-4ABA-B091-F9023D7605CC}.Release|x86.Build.0 = Release|Win32
		{04CD7D4F-DA31-4ABA-B091-F9023D7605CC}.ReleaseLLVM|x64.ActiveCfg = Release|x64
		{04CD7D4F-DA31-4ABA-B091-F9023D7605CC}.ReleaseLLVM|x64.Build.0 = Release|x64
		{04CD7D4F-DA31-4ABA-B091-F9023D7605CC}.ReleaseLLVM|x86.ActiveCfg = Release|Win32
		{04CD7D4F-DA31-4ABA-B091-F9023D7605CC}.ReleaseLLVM|x86.Build.0 = Release|Win32
		{6FA98FB8-ED2D-4C93-9AD1-62979D534F90}.Debug|x64.ActiveCfg = Debug|x64
		{6FA98FB8-ED2D-4C93-9AD1-62979D534F90}.Debug|x64.Build.0 = Debug|x64
		{6FA98FB8-ED2D-4C93-9AD1-62979D534F90}.Debug|x86.ActiveCfg = Debug|Win32
		{6FA98FB8-ED2D-4C93-9AD1-62979D534F90}.Debug|x86.Build.0 = Debug|Win32
		{6FA98FB8-ED2D-4C93-9AD1-62979D534F90}.Release|x64.ActiveCfg = Release|x64
		{6FA98FB8-ED2D-4C93-9AD1-62979D534F90}.Release|x64.Build.0 = Release|x64
		{6FA98FB8-ED2D-4C93-9AD1-62979D534F90}.Release|x86.ActiveCfg = Release|Win32
		{6FA98FB8-ED2D-4C93-9AD1-62979D534F90}.Release|x86.Build.0 = Release|Win32
		{6FA98FB8-ED2D-4C93-9AD1-62979D534F90}.ReleaseLLVM|x64.ActiveCfg = Release|x64
		{6FA98FB8-ED2D-4C93-9AD1-62979D534F90}.ReleaseLLVM|x64.Build.0 = Release|x64
		{6FA98FB8-ED2D-4C93-9AD1-62979D534F90}.ReleaseLLVM|x86.ActiveCfg = Release|Win32
		{6FA98FB8-ED2D-4C93-9AD1-62979D534F90}.ReleaseLLVM|x86.Build.0 = Release|Win32
	EndGlobalSection
	GlobalSection(SolutionProperties) = preSolution
		HideSolutionNode = FALSE
	EndGlobalSection
	GlobalSection(ExtensibilityGlobals) = postSolution
		SolutionGuid = {749C3907-8008-42F3-93A7-161B90136FB0}
	EndGlobalSection
EndGlobal
